{
  "schemaVersion": 1,
  "generator": "opencli2rust",
  "files": {
    ".gitignore": "44c92e3a70ad3307b7056871c2bdb096d8bfa9373f5bf06a79bb6324a20ff2fb",
    "Cargo.toml": "922989241250dc1c589559203ebb58ffc94cca34581d24f1125ee8f3142a38ef",
    "src/custom/mod.rs": "17f6cce7c7b000e9aa9fdfc31bb45054fd681ff1100280881c2fad97713aaa0b",
    "src/gen/cli.rs": "198196925d1111d2b3e3755d87df1c10b246ae7db53a44ee0110cdfee6daa8a0",
    "src/gen/cmd/create.rs": "cd1b5ef7823d7095bc0a163f49d135dd322c8410eecb36415c9b7d1685704c44",
    "src/gen/cmd/delete.rs": "7aaded688b511af168ad90c3d9846eec229db90722efec4c49c418ab151f7e7f",
    "src/gen/cmd/get.rs": "4d3097c7e5e44544252548ccce6a1990a84f34ce276d22f811b70cd05ed569c4",
    "src/gen/cmd/mod.rs": "877587e1e8fd383407f8fa974fd11add3d0bd7197018039ac7ac72f629a6dd1f",
    "src/gen/cmd/publish.rs": "c65b89e2f10742b8979406ceb7715578b36f0ff41f34cd1ea4fd51cbd5f3737c",
    "src/gen/cmd/update.rs": "101d14c7a50845b95cbce047e0e0a83cc541427e6047f00ebcfe94e438b2b9cd",
    "src/gen/mod.rs": "3ffa1def7e7adff0d7b1d9db5531f0279adc6be59d5f41be33ca3fc08935ffc6",
    "src/gen/runtime/config.rs": "3ee39ee202219799c267409c1057098271ea5c2ab48d40efa1d62b4fed0268cb",
    "src/gen/runtime/custom.rs": "6e4a7de0257b150207de5c24932b157173c346116075ed8c89f81342e1038325",
    "src/gen/runtime/http.rs": "6e1ddb93bd04b4238f74c384f16f46e5a1fb8e05dd82f356d2bb6ef5acd8ddd4",
    "src/gen/runtime/mod.rs": "b7df5cfa05bd5bed2b53977c7169de7c010feef363ed16ffa963db7ff034b5e7",
    "src/gen/runtime/overrides.rs": "d6d4d044172756c6610e5fc620563fe61b5eb632b21d882efca65345eef79298",
    "src/main.rs": "d671f2a0b3ec7fc2cd119ed4c34d17e21906b06abc589a1c5b41283abc8f4376"
  }
}
