{
  "schemaVersion": 1,
  "generator": "opencli2rust",
  "files": {
    ".gitignore": "44c92e3a70ad3307b7056871c2bdb096d8bfa9373f5bf06a79bb6324a20ff2fb",
    "Cargo.toml": "922989241250dc1c589559203ebb58ffc94cca34581d24f1125ee8f3142a38ef",
    "src/custom/mod.rs": "17f6cce7c7b000e9aa9fdfc31bb45054fd681ff1100280881c2fad97713aaa0b",
    "src/gen/cli.rs": "5705a987169042ec44b4a0f1e6431949e2e485f10dd62a3e8812390de30abbff",
    "src/gen/cmd/api_keys.rs": "34a200f01bc937221b7e564c665228a95afecf5bd46e2794a10c55661bc47001",
    "src/gen/cmd/apis.rs": "4961708b4feb02d7c79bf930f4727398947bd0e31bc415d0b2eea79f00b32148",
    "src/gen/cmd/auth.rs": "77cb08631b412aaf89eaf5ebf005191509404ea1a15240b21e985e19a18c2e92",
    "src/gen/cmd/context.rs": "1763dd0018bbe3fe5deaa3669f0ab5ad287a59ca2c35dc90458042a2de7e2907",
    "src/gen/cmd/docs_projects.rs": "48f9ab66a8a4d2503affd0397bf8b945ed3abc2ec9740898df7fe0c5c2315dd5",
    "src/gen/cmd/git_providers.rs": "ec8aa5d046f26c5a17f22e40a8ed837584ffa84b168ffe840eae39668f575a63",
    "src/gen/cmd/mcp_servers.rs": "76608fffd47c2c4687fc461117a485223cfc3a539627735b9ed31332d1cc4871",
    "src/gen/cmd/members.rs": "94d0c8bcda2fe997864fcdebac4b47bbf2152fc99856b55e6e5b9e101b2e74de",
    "src/gen/cmd/mod.rs": "7a9935975bd74d14ef92c0e09942998baf7a0ecdddd614863dc825e28d6cf344",
    "src/gen/cmd/notifications.rs": "6c4a1d999dd9ee85aff9b035828889394c791cc517934642ec16d8df716f71b3",
    "src/gen/cmd/overview.rs": "3bada7b741dee11963cb9239c2cd090f2c6687133713308e717649950ea9e742",
    "src/gen/cmd/package_registries.rs": "e45a9c2308b3477aca144fa4b49fd1834b2a5fbe1ade5fcef9f58287a893b0b9",
    "src/gen/cmd/projects.rs": "3b4dd82d5fa90419239ca65c6cec2678f9e70d08d33601c415b86dd2c09325f3",
    "src/gen/cmd/registry_connections.rs": "63778ca1486abd4e2a4818b9eed26267d9cf88faf4a7b52dafa33fa3939a4e38",
    "src/gen/cmd/releases.rs": "47e27dad9a47e67f824281811228d256d87bb07d3a0b16f0131279cc81ed1fcc",
    "src/gen/cmd/repo_connections.rs": "b8c9ae910ce3db0cc7b1acc6b7fdf2e7979d7dc67acc414805735b1b37a5dac5",
    "src/gen/cmd/sdk_targets.rs": "47e3094666419c3ef3825a3555d023bba7cc393345315015198f5876ddc837d9",
    "src/gen/cmd/sdks.rs": "d4213cb9f232e042148f845a3a0deddd0f4891fde73c3ba30032ce503080aa87",
    "src/gen/cmd/usage.rs": "270d1b8aacbd81b631ebe28c39956025aa161e7382f8593223c2d8183209b955",
    "src/gen/mod.rs": "3ffa1def7e7adff0d7b1d9db5531f0279adc6be59d5f41be33ca3fc08935ffc6",
    "src/gen/runtime/config.rs": "3ee39ee202219799c267409c1057098271ea5c2ab48d40efa1d62b4fed0268cb",
    "src/gen/runtime/custom.rs": "6e4a7de0257b150207de5c24932b157173c346116075ed8c89f81342e1038325",
    "src/gen/runtime/http.rs": "6e1ddb93bd04b4238f74c384f16f46e5a1fb8e05dd82f356d2bb6ef5acd8ddd4",
    "src/gen/runtime/mod.rs": "b7df5cfa05bd5bed2b53977c7169de7c010feef363ed16ffa963db7ff034b5e7",
    "src/gen/runtime/overrides.rs": "d6d4d044172756c6610e5fc620563fe61b5eb632b21d882efca65345eef79298",
    "src/main.rs": "d671f2a0b3ec7fc2cd119ed4c34d17e21906b06abc589a1c5b41283abc8f4376"
  }
}
